// !$*UTF8*$!
{
	archiveVersion = 1;
	classes = {
	};
	objectVersion = 46;
	objects = {

/* Begin PBXBuildFile section */
		BCD81D31C48D4057B89AA34E /* libPods.a in Frameworks */ = {isa = PBXBuildFile; fileRef = 447911DAA4764A358869B8CF /* libPods.a */; };
		FD1606651976839A00A63A71 /* StreamCloudApplication.m in Sources */ = {isa = PBXBuildFile; fileRef = FD1606641976839A00A63A71 /* StreamCloudApplication.m */; };
		FD1606661976839A00A63A71 /* StreamCloudApplication.m in Sources */ = {isa = PBXBuildFile; fileRef = FD1606641976839A00A63A71 /* StreamCloudApplication.m */; };
		FD3BED43195833E800B2D49A /* StreamCloudStyles.m in Sources */ = {isa = PBXBuildFile; fileRef = FD3BED42195833E800B2D49A /* StreamCloudStyles.m */; };
		FD3BED44195833E800B2D49A /* StreamCloudStyles.m in Sources */ = {isa = PBXBuildFile; fileRef = FD3BED42195833E800B2D49A /* StreamCloudStyles.m */; };
		FD3BED481958364200B2D49A /* PlayPauseButtonCell.m in Sources */ = {isa = PBXBuildFile; fileRef = FD3BED471958364200B2D49A /* PlayPauseButtonCell.m */; };
		FD3BED491958364200B2D49A /* PlayPauseButtonCell.m in Sources */ = {isa = PBXBuildFile; fileRef = FD3BED471958364200B2D49A /* PlayPauseButtonCell.m */; };
		FD3BED4C1958387300B2D49A /* NextButtonCell.m in Sources */ = {isa = PBXBuildFile; fileRef = FD3BED4B1958387300B2D49A /* NextButtonCell.m */; };
		FD3BED4D1958387300B2D49A /* NextButtonCell.m in Sources */ = {isa = PBXBuildFile; fileRef = FD3BED4B1958387300B2D49A /* NextButtonCell.m */; };
		FD3BED501958389B00B2D49A /* PreviousButtonCell.m in Sources */ = {isa = PBXBuildFile; fileRef = FD3BED4F1958389B00B2D49A /* PreviousButtonCell.m */; };
		FD3BED511958389B00B2D49A /* PreviousButtonCell.m in Sources */ = {isa = PBXBuildFile; fileRef = FD3BED4F1958389B00B2D49A /* PreviousButtonCell.m */; };
		FD3BED5519597B4300B2D49A /* TrackCellView.m in Sources */ = {isa = PBXBuildFile; fileRef = FD3BED5419597B4300B2D49A /* TrackCellView.m */; };
		FD3BED5619597B4300B2D49A /* TrackCellView.m in Sources */ = {isa = PBXBuildFile; fileRef = FD3BED5419597B4300B2D49A /* TrackCellView.m */; };
		FD3BED5A195981D300B2D49A /* PlayingIndicatorView.m in Sources */ = {isa = PBXBuildFile; fileRef = FD3BED59195981D300B2D49A /* PlayingIndicatorView.m */; };
		FD3BED5B195981D300B2D49A /* PlayingIndicatorView.m in Sources */ = {isa = PBXBuildFile; fileRef = FD3BED59195981D300B2D49A /* PlayingIndicatorView.m */; };
		FD3BED5E1959883400B2D49A /* SeperatorView.m in Sources */ = {isa = PBXBuildFile; fileRef = FD3BED5D1959883400B2D49A /* SeperatorView.m */; };
		FD3BED5F1959883400B2D49A /* SeperatorView.m in Sources */ = {isa = PBXBuildFile; fileRef = FD3BED5D1959883400B2D49A /* SeperatorView.m */; };
		FD3BED6419598CBB00B2D49A /* AppleMediaKeyController.m in Sources */ = {isa = PBXBuildFile; fileRef = FD3BED6319598CBB00B2D49A /* AppleMediaKeyController.m */; settings = {COMPILER_FLAGS = "-fno-objc-arc"; }; };
		FD3BED6519598CBB00B2D49A /* AppleMediaKeyController.m in Sources */ = {isa = PBXBuildFile; fileRef = FD3BED6319598CBB00B2D49A /* AppleMediaKeyController.m */; };
		FD4F53051987F1CC00FD73A9 /* ClickableTextField.m in Sources */ = {isa = PBXBuildFile; fileRef = FD4F53041987F1CC00FD73A9 /* ClickableTextField.m */; };
		FD4F53061987F1CC00FD73A9 /* ClickableTextField.m in Sources */ = {isa = PBXBuildFile; fileRef = FD4F53041987F1CC00FD73A9 /* ClickableTextField.m */; };
		FD4F53111987FC9600FD73A9 /* ClickableTableView.m in Sources */ = {isa = PBXBuildFile; fileRef = FD4F53101987FC9600FD73A9 /* ClickableTableView.m */; };
		FD4F53121987FC9600FD73A9 /* ClickableTableView.m in Sources */ = {isa = PBXBuildFile; fileRef = FD4F53101987FC9600FD73A9 /* ClickableTableView.m */; };
		FD4F678119618C8A008E8519 /* SoundcloudPlayer.entitlements in Resources */ = {isa = PBXBuildFile; fileRef = FD7CD2DC19548A93002AC765 /* SoundcloudPlayer.entitlements */; };
		FD7CD2901954396C002AC765 /* Cocoa.framework in Frameworks */ = {isa = PBXBuildFile; fileRef = FD7CD28F1954396C002AC765 /* Cocoa.framework */; };
		FD7CD29A1954396C002AC765 /* InfoPlist.strings in Resources */ = {isa = PBXBuildFile; fileRef = FD7CD2981954396C002AC765 /* InfoPlist.strings */; };
		FD7CD29C1954396C002AC765 /* main.m in Sources */ = {isa = PBXBuildFile; fileRef = FD7CD29B1954396C002AC765 /* main.m */; };
		FD7CD2A01954396C002AC765 /* Credits.rtf in Resources */ = {isa = PBXBuildFile; fileRef = FD7CD29E1954396C002AC765 /* Credits.rtf */; };
		FD7CD2A31954396C002AC765 /* AppDelegate.m in Sources */ = {isa = PBXBuildFile; fileRef = FD7CD2A21954396C002AC765 /* AppDelegate.m */; };
		FD7CD2A61954396C002AC765 /* MainMenu.xib in Resources */ = {isa = PBXBuildFile; fileRef = FD7CD2A41954396C002AC765 /* MainMenu.xib */; };
		FD7CD2A81954396C002AC765 /* Images.xcassets in Resources */ = {isa = PBXBuildFile; fileRef = FD7CD2A71954396C002AC765 /* Images.xcassets */; };
		FD7CD2AF1954396C002AC765 /* XCTest.framework in Frameworks */ = {isa = PBXBuildFile; fileRef = FD7CD2AE1954396C002AC765 /* XCTest.framework */; };
		FD7CD2B01954396C002AC765 /* Cocoa.framework in Frameworks */ = {isa = PBXBuildFile; fileRef = FD7CD28F1954396C002AC765 /* Cocoa.framework */; };
		FD7CD2B81954396C002AC765 /* InfoPlist.strings in Resources */ = {isa = PBXBuildFile; fileRef = FD7CD2B61954396C002AC765 /* InfoPlist.strings */; };
		FD7CD2BA1954396C002AC765 /* SoundcloudPlayerTests.m in Sources */ = {isa = PBXBuildFile; fileRef = FD7CD2B91954396C002AC765 /* SoundcloudPlayerTests.m */; };
		FD7CD2D119543C35002AC765 /* QuartzCore.framework in Frameworks */ = {isa = PBXBuildFile; fileRef = FD7CD2D019543C35002AC765 /* QuartzCore.framework */; };
		FD7CD2D319543C3A002AC765 /* AddressBook.framework in Frameworks */ = {isa = PBXBuildFile; fileRef = FD7CD2D219543C3A002AC765 /* AddressBook.framework */; };
		FD7CD2D519543C46002AC765 /* CoreLocation.framework in Frameworks */ = {isa = PBXBuildFile; fileRef = FD7CD2D419543C46002AC765 /* CoreLocation.framework */; };
		FD7CD2D719543C4B002AC765 /* Security.framework in Frameworks */ = {isa = PBXBuildFile; fileRef = FD7CD2D619543C4B002AC765 /* Security.framework */; };
		FD7CD2D919543C51002AC765 /* CoreGraphics.framework in Frameworks */ = {isa = PBXBuildFile; fileRef = FD7CD2D819543C51002AC765 /* CoreGraphics.framework */; };
		FD7CD2DB19543C55002AC765 /* CoreText.framework in Frameworks */ = {isa = PBXBuildFile; fileRef = FD7CD2DA19543C55002AC765 /* CoreText.framework */; };
		FD7ECBC01955BE05005828CF /* SharedAudioPlayer.m in Sources */ = {isa = PBXBuildFile; fileRef = FD7ECBBF1955BE05005828CF /* SharedAudioPlayer.m */; };
		FD7ECBC11955BE05005828CF /* SharedAudioPlayer.m in Sources */ = {isa = PBXBuildFile; fileRef = FD7ECBBF1955BE05005828CF /* SharedAudioPlayer.m */; };
		FD8F6AD81959996D004D4B61 /* SoundCloudAPI.framework in Frameworks */ = {isa = PBXBuildFile; fileRef = FD8F6AD61959996D004D4B61 /* SoundCloudAPI.framework */; };
		FD8F6AD91959996D004D4B61 /* SoundCloudAPI.framework in Frameworks */ = {isa = PBXBuildFile; fileRef = FD8F6AD61959996D004D4B61 /* SoundCloudAPI.framework */; };
		FD8F6ADA1959996D004D4B61 /* OAuth2Client.framework in Frameworks */ = {isa = PBXBuildFile; fileRef = FD8F6AD71959996D004D4B61 /* OAuth2Client.framework */; };
		FD8F6ADB1959996D004D4B61 /* OAuth2Client.framework in Frameworks */ = {isa = PBXBuildFile; fileRef = FD8F6AD71959996D004D4B61 /* OAuth2Client.framework */; };
		FD8F6ADC195999B6004D4B61 /* SoundCloudAPI.framework in Copy Frameworks */ = {isa = PBXBuildFile; fileRef = FD8F6AD61959996D004D4B61 /* SoundCloudAPI.framework */; };
		FD8F6ADD195999B6004D4B61 /* OAuth2Client.framework in Copy Frameworks */ = {isa = PBXBuildFile; fileRef = FD8F6AD71959996D004D4B61 /* OAuth2Client.framework */; };
		FD8F6AE01959A454004D4B61 /* ShuffleButtonCell.m in Sources */ = {isa = PBXBuildFile; fileRef = FD8F6ADF1959A454004D4B61 /* ShuffleButtonCell.m */; };
		FD8F6AE31959A483004D4B61 /* RepeatButtonCell.m in Sources */ = {isa = PBXBuildFile; fileRef = FD8F6AE21959A483004D4B61 /* RepeatButtonCell.m */; };
		FD8F6AE61959AB8D004D4B61 /* StatusBarPlayerViewController.m in Sources */ = {isa = PBXBuildFile; fileRef = FD8F6AE51959AB8D004D4B61 /* StatusBarPlayerViewController.m */; };
		FD8F6AE71959AB8D004D4B61 /* StatusBarPlayerViewController.m in Sources */ = {isa = PBXBuildFile; fileRef = FD8F6AE51959AB8D004D4B61 /* StatusBarPlayerViewController.m */; };
		FD8F6AE91959AC0C004D4B61 /* StatusBarPlayerViewController.xib in Resources */ = {isa = PBXBuildFile; fileRef = FD8F6AE81959AC0C004D4B61 /* StatusBarPlayerViewController.xib */; };
		FD8F6AEA1959AC0C004D4B61 /* StatusBarPlayerViewController.xib in Resources */ = {isa = PBXBuildFile; fileRef = FD8F6AE81959AC0C004D4B61 /* StatusBarPlayerViewController.xib */; };
		FD8F6AED1959CB6E004D4B61 /* ProgressIndicatorView.m in Sources */ = {isa = PBXBuildFile; fileRef = FD8F6AEC1959CB6E004D4B61 /* ProgressIndicatorView.m */; };
		FD8F6AEE1959CB6E004D4B61 /* ProgressIndicatorView.m in Sources */ = {isa = PBXBuildFile; fileRef = FD8F6AEC1959CB6E004D4B61 /* ProgressIndicatorView.m */; };
		FD8F6AF1195AD16D004D4B61 /* SoundCloudAPIClient.m in Sources */ = {isa = PBXBuildFile; fileRef = FD8F6AF0195AD16D004D4B61 /* SoundCloudAPIClient.m */; };
		FD8F6AF2195AD16D004D4B61 /* SoundCloudAPIClient.m in Sources */ = {isa = PBXBuildFile; fileRef = FD8F6AF0195AD16D004D4B61 /* SoundCloudAPIClient.m */; };
		FD8F6AF5195AE093004D4B61 /* VolumeButtonCell.m in Sources */ = {isa = PBXBuildFile; fileRef = FD8F6AF4195AE093004D4B61 /* VolumeButtonCell.m */; };
		FD8F6AF6195AE093004D4B61 /* VolumeButtonCell.m in Sources */ = {isa = PBXBuildFile; fileRef = FD8F6AF4195AE093004D4B61 /* VolumeButtonCell.m */; };
		FD8F6AF9195B1FD6004D4B61 /* ConnectButtonCell.m in Sources */ = {isa = PBXBuildFile; fileRef = FD8F6AF8195B1FD6004D4B61 /* ConnectButtonCell.m */; };
		FD8F6AFA195B1FD6004D4B61 /* ConnectButtonCell.m in Sources */ = {isa = PBXBuildFile; fileRef = FD8F6AF8195B1FD6004D4B61 /* ConnectButtonCell.m */; };
		FD8F6AFD195B21A6004D4B61 /* WhiteBackgroundView.m in Sources */ = {isa = PBXBuildFile; fileRef = FD8F6AFC195B21A6004D4B61 /* WhiteBackgroundView.m */; };
		FD8F6AFE195B21A6004D4B61 /* WhiteBackgroundView.m in Sources */ = {isa = PBXBuildFile; fileRef = FD8F6AFC195B21A6004D4B61 /* WhiteBackgroundView.m */; };
		FDD0374C1986AFDD00043BDC /* TrackCellForPlaylistItemView.m in Sources */ = {isa = PBXBuildFile; fileRef = FDD0374B1986AFDD00043BDC /* TrackCellForPlaylistItemView.m */; };
		FDD0374D1986AFDD00043BDC /* TrackCellForPlaylistItemView.m in Sources */ = {isa = PBXBuildFile; fileRef = FDD0374B1986AFDD00043BDC /* TrackCellForPlaylistItemView.m */; };
		FDE51B14195C18E5009B1F2D /* MouseOverImageView.m in Sources */ = {isa = PBXBuildFile; fileRef = FDE51B13195C18E5009B1F2D /* MouseOverImageView.m */; };
		FDE51B15195C18E5009B1F2D /* MouseOverImageView.m in Sources */ = {isa = PBXBuildFile; fileRef = FDE51B13195C18E5009B1F2D /* MouseOverImageView.m */; };
		FDE51B18195C1F3A009B1F2D /* PlayPauseOverlayView.m in Sources */ = {isa = PBXBuildFile; fileRef = FDE51B17195C1F3A009B1F2D /* PlayPauseOverlayView.m */; };
		FDE51B19195C1F3A009B1F2D /* PlayPauseOverlayView.m in Sources */ = {isa = PBXBuildFile; fileRef = FDE51B17195C1F3A009B1F2D /* PlayPauseOverlayView.m */; };
		FDE51B20195C2F32009B1F2D /* ProgressSliderCell.m in Sources */ = {isa = PBXBuildFile; fileRef = FDE51B1F195C2F32009B1F2D /* ProgressSliderCell.m */; };
		FDE51B21195C2F32009B1F2D /* ProgressSliderCell.m in Sources */ = {isa = PBXBuildFile; fileRef = FDE51B1F195C2F32009B1F2D /* ProgressSliderCell.m */; };
		FDE51B24195C3A7B009B1F2D /* ProgressSliderView.m in Sources */ = {isa = PBXBuildFile; fileRef = FDE51B23195C3A7B009B1F2D /* ProgressSliderView.m */; };
		FDE51B25195C3A7B009B1F2D /* ProgressSliderView.m in Sources */ = {isa = PBXBuildFile; fileRef = FDE51B23195C3A7B009B1F2D /* ProgressSliderView.m */; };
/* End PBXBuildFile section */

/* Begin PBXContainerItemProxy section */
		FD7CD2B11954396C002AC765 /* PBXContainerItemProxy */ = {
			isa = PBXContainerItemProxy;
			containerPortal = FD7CD2841954396C002AC765 /* Project object */;
			proxyType = 1;
			remoteGlobalIDString = FD7CD28B1954396C002AC765;
			remoteInfo = SoundcloudPlayer;
		};
/* End PBXContainerItemProxy section */

/* Begin PBXCopyFilesBuildPhase section */
		FD7ECBC21955EDE5005828CF /* Copy Frameworks */ = {
			isa = PBXCopyFilesBuildPhase;
			buildActionMask = 12;
			dstPath = "";
			dstSubfolderSpec = 10;
			files = (
				FD8F6ADC195999B6004D4B61 /* SoundCloudAPI.framework in Copy Frameworks */,
				FD8F6ADD195999B6004D4B61 /* OAuth2Client.framework in Copy Frameworks */,
			);
			name = "Copy Frameworks";
			runOnlyForDeploymentPostprocessing = 0;
		};
/* End PBXCopyFilesBuildPhase section */

/* Begin PBXFileReference section */
		447911DAA4764A358869B8CF /* libPods.a */ = {isa = PBXFileReference; explicitFileType = archive.ar; includeInIndex = 0; path = libPods.a; sourceTree = BUILT_PRODUCTS_DIR; };
		E8FD4EF443EA47F5BF7E3EE7 /* Pods.xcconfig */ = {isa = PBXFileReference; includeInIndex = 1; lastKnownFileType = text.xcconfig; name = Pods.xcconfig; path = Pods/Pods.xcconfig; sourceTree = "<group>"; };
		FD1606631976839A00A63A71 /* StreamCloudApplication.h */ = {isa = PBXFileReference; fileEncoding = 4; lastKnownFileType = sourcecode.c.h; path = StreamCloudApplication.h; sourceTree = "<group>"; };
		FD1606641976839A00A63A71 /* StreamCloudApplication.m */ = {isa = PBXFileReference; fileEncoding = 4; lastKnownFileType = sourcecode.c.objc; path = StreamCloudApplication.m; sourceTree = "<group>"; };
		FD3BED41195833E800B2D49A /* StreamCloudStyles.h */ = {isa = PBXFileReference; fileEncoding = 4; lastKnownFileType = sourcecode.c.h; name = StreamCloudStyles.h; path = SoundcloudPlayer/StreamCloudStyles.h; sourceTree = "<group>"; };
		FD3BED42195833E800B2D49A /* StreamCloudStyles.m */ = {isa = PBXFileReference; fileEncoding = 4; lastKnownFileType = sourcecode.c.objc; name = StreamCloudStyles.m; path = SoundcloudPlayer/StreamCloudStyles.m; sourceTree = "<group>"; };
		FD3BED461958364100B2D49A /* PlayPauseButtonCell.h */ = {isa = PBXFileReference; fileEncoding = 4; lastKnownFileType = sourcecode.c.h; path = PlayPauseButtonCell.h; sourceTree = "<group>"; };
		FD3BED471958364200B2D49A /* PlayPauseButtonCell.m */ = {isa = PBXFileReference; fileEncoding = 4; lastKnownFileType = sourcecode.c.objc; path = PlayPauseButtonCell.m; sourceTree = "<group>"; };
		FD3BED4A1958387300B2D49A /* NextButtonCell.h */ = {isa = PBXFileReference; fileEncoding = 4; lastKnownFileType = sourcecode.c.h; path = NextButtonCell.h; sourceTree = "<group>"; };
		FD3BED4B1958387300B2D49A /* NextButtonCell.m */ = {isa = PBXFileReference; fileEncoding = 4; lastKnownFileType = sourcecode.c.objc; path = NextButtonCell.m; sourceTree = "<group>"; };
		FD3BED4E1958389B00B2D49A /* PreviousButtonCell.h */ = {isa = PBXFileReference; fileEncoding = 4; lastKnownFileType = sourcecode.c.h; path = PreviousButtonCell.h; sourceTree = "<group>"; };
		FD3BED4F1958389B00B2D49A /* PreviousButtonCell.m */ = {isa = PBXFileReference; fileEncoding = 4; lastKnownFileType = sourcecode.c.objc; path = PreviousButtonCell.m; sourceTree = "<group>"; };
		FD3BED5319597B4300B2D49A /* TrackCellView.h */ = {isa = PBXFileReference; fileEncoding = 4; lastKnownFileType = sourcecode.c.h; path = TrackCellView.h; sourceTree = "<group>"; };
		FD3BED5419597B4300B2D49A /* TrackCellView.m */ = {isa = PBXFileReference; fileEncoding = 4; lastKnownFileType = sourcecode.c.objc; path = TrackCellView.m; sourceTree = "<group>"; };
		FD3BED58195981D300B2D49A /* PlayingIndicatorView.h */ = {isa = PBXFileReference; fileEncoding = 4; lastKnownFileType = sourcecode.c.h; path = PlayingIndicatorView.h; sourceTree = "<group>"; };
		FD3BED59195981D300B2D49A /* PlayingIndicatorView.m */ = {isa = PBXFileReference; fileEncoding = 4; lastKnownFileType = sourcecode.c.objc; path = PlayingIndicatorView.m; sourceTree = "<group>"; };
		FD3BED5C1959883400B2D49A /* SeperatorView.h */ = {isa = PBXFileReference; fileEncoding = 4; lastKnownFileType = sourcecode.c.h; path = SeperatorView.h; sourceTree = "<group>"; };
		FD3BED5D1959883400B2D49A /* SeperatorView.m */ = {isa = PBXFileReference; fileEncoding = 4; lastKnownFileType = sourcecode.c.objc; path = SeperatorView.m; sourceTree = "<group>"; };
		FD3BED6119598C9700B2D49A /* singleton.h */ = {isa = PBXFileReference; fileEncoding = 4; lastKnownFileType = sourcecode.c.h; path = singleton.h; sourceTree = "<group>"; };
		FD3BED6219598CBB00B2D49A /* AppleMediaKeyController.h */ = {isa = PBXFileReference; fileEncoding = 4; lastKnownFileType = sourcecode.c.h; path = AppleMediaKeyController.h; sourceTree = "<group>"; };
		FD3BED6319598CBB00B2D49A /* AppleMediaKeyController.m */ = {isa = PBXFileReference; fileEncoding = 4; lastKnownFileType = sourcecode.c.objc; path = AppleMediaKeyController.m; sourceTree = "<group>"; };
		FD4F53031987F1CC00FD73A9 /* ClickableTextField.h */ = {isa = PBXFileReference; fileEncoding = 4; lastKnownFileType = sourcecode.c.h; path = ClickableTextField.h; sourceTree = "<group>"; };
		FD4F53041987F1CC00FD73A9 /* ClickableTextField.m */ = {isa = PBXFileReference; fileEncoding = 4; lastKnownFileType = sourcecode.c.objc; path = ClickableTextField.m; sourceTree = "<group>"; };
		FD4F530F1987FC9600FD73A9 /* ClickableTableView.h */ = {isa = PBXFileReference; fileEncoding = 4; lastKnownFileType = sourcecode.c.h; path = ClickableTableView.h; sourceTree = "<group>"; };
		FD4F53101987FC9600FD73A9 /* ClickableTableView.m */ = {isa = PBXFileReference; fileEncoding = 4; lastKnownFileType = sourcecode.c.objc; path = ClickableTableView.m; sourceTree = "<group>"; };
		FD7CD28C1954396C002AC765 /* StreamCloud.app */ = {isa = PBXFileReference; explicitFileType = wrapper.application; includeInIndex = 0; path = StreamCloud.app; sourceTree = BUILT_PRODUCTS_DIR; };
		FD7CD28F1954396C002AC765 /* Cocoa.framework */ = {isa = PBXFileReference; lastKnownFileType = wrapper.framework; name = Cocoa.framework; path = System/Library/Frameworks/Cocoa.framework; sourceTree = SDKROOT; };
		FD7CD2921954396C002AC765 /* AppKit.framework */ = {isa = PBXFileReference; lastKnownFileType = wrapper.framework; name = AppKit.framework; path = System/Library/Frameworks/AppKit.framework; sourceTree = SDKROOT; };
		FD7CD2931954396C002AC765 /* CoreData.framework */ = {isa = PBXFileReference; lastKnownFileType = wrapper.framework; name = CoreData.framework; path = System/Library/Frameworks/CoreData.framework; sourceTree = SDKROOT; };
		FD7CD2941954396C002AC765 /* Foundation.framework */ = {isa = PBXFileReference; lastKnownFileType = wrapper.framework; name = Foundation.framework; path = System/Library/Frameworks/Foundation.framework; sourceTree = SDKROOT; };
		FD7CD2971954396C002AC765 /* SoundcloudPlayer-Info.plist */ = {isa = PBXFileReference; lastKnownFileType = text.plist.xml; path = "SoundcloudPlayer-Info.plist"; sourceTree = "<group>"; };
		FD7CD2991954396C002AC765 /* en */ = {isa = PBXFileReference; lastKnownFileType = text.plist.strings; name = en; path = en.lproj/InfoPlist.strings; sourceTree = "<group>"; };
		FD7CD29B1954396C002AC765 /* main.m */ = {isa = PBXFileReference; lastKnownFileType = sourcecode.c.objc; path = main.m; sourceTree = "<group>"; };
		FD7CD29D1954396C002AC765 /* SoundcloudPlayer-Prefix.pch */ = {isa = PBXFileReference; lastKnownFileType = sourcecode.c.h; path = "SoundcloudPlayer-Prefix.pch"; sourceTree = "<group>"; };
		FD7CD29F1954396C002AC765 /* en */ = {isa = PBXFileReference; lastKnownFileType = text.rtf; name = en; path = en.lproj/Credits.rtf; sourceTree = "<group>"; };
		FD7CD2A11954396C002AC765 /* AppDelegate.h */ = {isa = PBXFileReference; lastKnownFileType = sourcecode.c.h; path = AppDelegate.h; sourceTree = "<group>"; };
		FD7CD2A21954396C002AC765 /* AppDelegate.m */ = {isa = PBXFileReference; lastKnownFileType = sourcecode.c.objc; path = AppDelegate.m; sourceTree = "<group>"; };
		FD7CD2A51954396C002AC765 /* Base */ = {isa = PBXFileReference; lastKnownFileType = file.xib; name = Base; path = Base.lproj/MainMenu.xib; sourceTree = "<group>"; };
		FD7CD2A71954396C002AC765 /* Images.xcassets */ = {isa = PBXFileReference; lastKnownFileType = folder.assetcatalog; path = Images.xcassets; sourceTree = "<group>"; };
		FD7CD2AD1954396C002AC765 /* SoundcloudPlayerTests.xctest */ = {isa = PBXFileReference; explicitFileType = wrapper.cfbundle; includeInIndex = 0; path = SoundcloudPlayerTests.xctest; sourceTree = BUILT_PRODUCTS_DIR; };
		FD7CD2AE1954396C002AC765 /* XCTest.framework */ = {isa = PBXFileReference; lastKnownFileType = wrapper.framework; name = XCTest.framework; path = Library/Frameworks/XCTest.framework; sourceTree = DEVELOPER_DIR; };
		FD7CD2B51954396C002AC765 /* SoundcloudPlayerTests-Info.plist */ = {isa = PBXFileReference; lastKnownFileType = text.plist.xml; path = "SoundcloudPlayerTests-Info.plist"; sourceTree = "<group>"; };
		FD7CD2B71954396C002AC765 /* en */ = {isa = PBXFileReference; lastKnownFileType = text.plist.strings; name = en; path = en.lproj/InfoPlist.strings; sourceTree = "<group>"; };
		FD7CD2B91954396C002AC765 /* SoundcloudPlayerTests.m */ = {isa = PBXFileReference; lastKnownFileType = sourcecode.c.objc; path = SoundcloudPlayerTests.m; sourceTree = "<group>"; };
		FD7CD2D019543C35002AC765 /* QuartzCore.framework */ = {isa = PBXFileReference; lastKnownFileType = wrapper.framework; name = QuartzCore.framework; path = System/Library/Frameworks/QuartzCore.framework; sourceTree = SDKROOT; };
		FD7CD2D219543C3A002AC765 /* AddressBook.framework */ = {isa = PBXFileReference; lastKnownFileType = wrapper.framework; name = AddressBook.framework; path = System/Library/Frameworks/AddressBook.framework; sourceTree = SDKROOT; };
		FD7CD2D419543C46002AC765 /* CoreLocation.framework */ = {isa = PBXFileReference; lastKnownFileType = wrapper.framework; name = CoreLocation.framework; path = System/Library/Frameworks/CoreLocation.framework; sourceTree = SDKROOT; };
		FD7CD2D619543C4B002AC765 /* Security.framework */ = {isa = PBXFileReference; lastKnownFileType = wrapper.framework; name = Security.framework; path = System/Library/Frameworks/Security.framework; sourceTree = SDKROOT; };
		FD7CD2D819543C51002AC765 /* CoreGraphics.framework */ = {isa = PBXFileReference; lastKnownFileType = wrapper.framework; name = CoreGraphics.framework; path = System/Library/Frameworks/CoreGraphics.framework; sourceTree = SDKROOT; };
		FD7CD2DA19543C55002AC765 /* CoreText.framework */ = {isa = PBXFileReference; lastKnownFileType = wrapper.framework; name = CoreText.framework; path = System/Library/Frameworks/CoreText.framework; sourceTree = SDKROOT; };
		FD7CD2DC19548A93002AC765 /* SoundcloudPlayer.entitlements */ = {isa = PBXFileReference; lastKnownFileType = text.xml; path = SoundcloudPlayer.entitlements; sourceTree = "<group>"; };
		FD7ECBBE1955BE05005828CF /* SharedAudioPlayer.h */ = {isa = PBXFileReference; fileEncoding = 4; lastKnownFileType = sourcecode.c.h; path = SharedAudioPlayer.h; sourceTree = "<group>"; };
		FD7ECBBF1955BE05005828CF /* SharedAudioPlayer.m */ = {isa = PBXFileReference; fileEncoding = 4; lastKnownFileType = sourcecode.c.objc; path = SharedAudioPlayer.m; sourceTree = "<group>"; };
		FD8F6AD61959996D004D4B61 /* SoundCloudAPI.framework */ = {isa = PBXFileReference; lastKnownFileType = wrapper.framework; name = SoundCloudAPI.framework; path = SoundcloudPlayer/SoundCloudAPI.framework; sourceTree = "<group>"; };
		FD8F6AD71959996D004D4B61 /* OAuth2Client.framework */ = {isa = PBXFileReference; lastKnownFileType = wrapper.framework; name = OAuth2Client.framework; path = SoundcloudPlayer/OAuth2Client.framework; sourceTree = "<group>"; };
		FD8F6ADE1959A454004D4B61 /* ShuffleButtonCell.h */ = {isa = PBXFileReference; fileEncoding = 4; lastKnownFileType = sourcecode.c.h; path = ShuffleButtonCell.h; sourceTree = "<group>"; };
		FD8F6ADF1959A454004D4B61 /* ShuffleButtonCell.m */ = {isa = PBXFileReference; fileEncoding = 4; lastKnownFileType = sourcecode.c.objc; path = ShuffleButtonCell.m; sourceTree = "<group>"; };
		FD8F6AE11959A483004D4B61 /* RepeatButtonCell.h */ = {isa = PBXFileReference; fileEncoding = 4; lastKnownFileType = sourcecode.c.h; path = RepeatButtonCell.h; sourceTree = "<group>"; };
		FD8F6AE21959A483004D4B61 /* RepeatButtonCell.m */ = {isa = PBXFileReference; fileEncoding = 4; lastKnownFileType = sourcecode.c.objc; path = RepeatButtonCell.m; sourceTree = "<group>"; };
		FD8F6AE41959AB8D004D4B61 /* StatusBarPlayerViewController.h */ = {isa = PBXFileReference; fileEncoding = 4; lastKnownFileType = sourcecode.c.h; path = StatusBarPlayerViewController.h; sourceTree = "<group>"; };
		FD8F6AE51959AB8D004D4B61 /* StatusBarPlayerViewController.m */ = {isa = PBXFileReference; fileEncoding = 4; lastKnownFileType = sourcecode.c.objc; path = StatusBarPlayerViewController.m; sourceTree = "<group>"; };
		FD8F6AE81959AC0C004D4B61 /* StatusBarPlayerViewController.xib */ = {isa = PBXFileReference; fileEncoding = 4; lastKnownFileType = file.xib; path = StatusBarPlayerViewController.xib; sourceTree = "<group>"; };
		FD8F6AEB1959CB6E004D4B61 /* ProgressIndicatorView.h */ = {isa = PBXFileReference; fileEncoding = 4; lastKnownFileType = sourcecode.c.h; path = ProgressIndicatorView.h; sourceTree = "<group>"; };
		FD8F6AEC1959CB6E004D4B61 /* ProgressIndicatorView.m */ = {isa = PBXFileReference; fileEncoding = 4; lastKnownFileType = sourcecode.c.objc; path = ProgressIndicatorView.m; sourceTree = "<group>"; };
		FD8F6AEF195AD16D004D4B61 /* SoundCloudAPIClient.h */ = {isa = PBXFileReference; fileEncoding = 4; lastKnownFileType = sourcecode.c.h; path = SoundCloudAPIClient.h; sourceTree = "<group>"; };
		FD8F6AF0195AD16D004D4B61 /* SoundCloudAPIClient.m */ = {isa = PBXFileReference; fileEncoding = 4; lastKnownFileType = sourcecode.c.objc; path = SoundCloudAPIClient.m; sourceTree = "<group>"; };
		FD8F6AF3195AE093004D4B61 /* VolumeButtonCell.h */ = {isa = PBXFileReference; fileEncoding = 4; lastKnownFileType = sourcecode.c.h; path = VolumeButtonCell.h; sourceTree = "<group>"; };
		FD8F6AF4195AE093004D4B61 /* VolumeButtonCell.m */ = {isa = PBXFileReference; fileEncoding = 4; lastKnownFileType = sourcecode.c.objc; path = VolumeButtonCell.m; sourceTree = "<group>"; };
		FD8F6AF7195B1FD6004D4B61 /* ConnectButtonCell.h */ = {isa = PBXFileReference; fileEncoding = 4; lastKnownFileType = sourcecode.c.h; path = ConnectButtonCell.h; sourceTree = "<group>"; };
		FD8F6AF8195B1FD6004D4B61 /* ConnectButtonCell.m */ = {isa = PBXFileReference; fileEncoding = 4; lastKnownFileType = sourcecode.c.objc; path = ConnectButtonCell.m; sourceTree = "<group>"; };
		FD8F6AFB195B21A6004D4B61 /* WhiteBackgroundView.h */ = {isa = PBXFileReference; fileEncoding = 4; lastKnownFileType = sourcecode.c.h; path = WhiteBackgroundView.h; sourceTree = "<group>"; };
		FD8F6AFC195B21A6004D4B61 /* WhiteBackgroundView.m */ = {isa = PBXFileReference; fileEncoding = 4; lastKnownFileType = sourcecode.c.objc; path = WhiteBackgroundView.m; sourceTree = "<group>"; };
		FDD0374A1986AFDD00043BDC /* TrackCellForPlaylistItemView.h */ = {isa = PBXFileReference; fileEncoding = 4; lastKnownFileType = sourcecode.c.h; path = TrackCellForPlaylistItemView.h; sourceTree = "<group>"; };
		FDD0374B1986AFDD00043BDC /* TrackCellForPlaylistItemView.m */ = {isa = PBXFileReference; fileEncoding = 4; lastKnownFileType = sourcecode.c.objc; path = TrackCellForPlaylistItemView.m; sourceTree = "<group>"; };
		FDE51B12195C18E5009B1F2D /* MouseOverImageView.h */ = {isa = PBXFileReference; fileEncoding = 4; lastKnownFileType = sourcecode.c.h; path = MouseOverImageView.h; sourceTree = "<group>"; };
		FDE51B13195C18E5009B1F2D /* MouseOverImageView.m */ = {isa = PBXFileReference; fileEncoding = 4; lastKnownFileType = sourcecode.c.objc; path = MouseOverImageView.m; sourceTree = "<group>"; };
		FDE51B16195C1F3A009B1F2D /* PlayPauseOverlayView.h */ = {isa = PBXFileReference; fileEncoding = 4; lastKnownFileType = sourcecode.c.h; path = PlayPauseOverlayView.h; sourceTree = "<group>"; };
		FDE51B17195C1F3A009B1F2D /* PlayPauseOverlayView.m */ = {isa = PBXFileReference; fileEncoding = 4; lastKnownFileType = sourcecode.c.objc; path = PlayPauseOverlayView.m; sourceTree = "<group>"; };
		FDE51B1E195C2F32009B1F2D /* ProgressSliderCell.h */ = {isa = PBXFileReference; fileEncoding = 4; lastKnownFileType = sourcecode.c.h; path = ProgressSliderCell.h; sourceTree = "<group>"; };
		FDE51B1F195C2F32009B1F2D /* ProgressSliderCell.m */ = {isa = PBXFileReference; fileEncoding = 4; lastKnownFileType = sourcecode.c.objc; path = ProgressSliderCell.m; sourceTree = "<group>"; };
		FDE51B22195C3A7B009B1F2D /* ProgressSliderView.h */ = {isa = PBXFileReference; fileEncoding = 4; lastKnownFileType = sourcecode.c.h; path = ProgressSliderView.h; sourceTree = "<group>"; };
		FDE51B23195C3A7B009B1F2D /* ProgressSliderView.m */ = {isa = PBXFileReference; fileEncoding = 4; lastKnownFileType = sourcecode.c.objc; path = ProgressSliderView.m; sourceTree = "<group>"; };
		FDE51B26195C50AD009B1F2D /* streamcloud_beta.plist */ = {isa = PBXFileReference; lastKnownFileType = text.plist.xml; path = streamcloud_beta.plist; sourceTree = "<group>"; };
/* End PBXFileReference section */

/* Begin PBXFrameworksBuildPhase section */
		FD7CD2891954396C002AC765 /* Frameworks */ = {
			isa = PBXFrameworksBuildPhase;
			buildActionMask = 2147483647;
			files = (
				FD7CD2DB19543C55002AC765 /* CoreText.framework in Frameworks */,
				FD7CD2D919543C51002AC765 /* CoreGraphics.framework in Frameworks */,
				FD7CD2D719543C4B002AC765 /* Security.framework in Frameworks */,
				FD7CD2D519543C46002AC765 /* CoreLocation.framework in Frameworks */,
				FD8F6ADA1959996D004D4B61 /* OAuth2Client.framework in Frameworks */,
				FD7CD2D319543C3A002AC765 /* AddressBook.framework in Frameworks */,
				FD7CD2D119543C35002AC765 /* QuartzCore.framework in Frameworks */,
				FD7CD2901954396C002AC765 /* Cocoa.framework in Frameworks */,
				FD8F6AD81959996D004D4B61 /* SoundCloudAPI.framework in Frameworks */,
				BCD81D31C48D4057B89AA34E /* libPods.a in Frameworks */,
			);
			runOnlyForDeploymentPostprocessing = 0;
		};
		FD7CD2AA1954396C002AC765 /* Frameworks */ = {
			isa = PBXFrameworksBuildPhase;
			buildActionMask = 2147483647;
			files = (
				FD8F6ADB1959996D004D4B61 /* OAuth2Client.framework in Frameworks */,
				FD8F6AD91959996D004D4B61 /* SoundCloudAPI.framework in Frameworks */,
				FD7CD2B01954396C002AC765 /* Cocoa.framework in Frameworks */,
				FD7CD2AF1954396C002AC765 /* XCTest.framework in Frameworks */,
			);
			runOnlyForDeploymentPostprocessing = 0;
		};
/* End PBXFrameworksBuildPhase section */

/* Begin PBXGroup section */
		FD3BED451958355500B2D49A /* CustomButtons */ = {
			isa = PBXGroup;
			children = (
				FD3BED461958364100B2D49A /* PlayPauseButtonCell.h */,
				FD3BED471958364200B2D49A /* PlayPauseButtonCell.m */,
				FD3BED4A1958387300B2D49A /* NextButtonCell.h */,
				FD3BED4B1958387300B2D49A /* NextButtonCell.m */,
				FD3BED4E1958389B00B2D49A /* PreviousButtonCell.h */,
				FD3BED4F1958389B00B2D49A /* PreviousButtonCell.m */,
				FD8F6ADE1959A454004D4B61 /* ShuffleButtonCell.h */,
				FD8F6ADF1959A454004D4B61 /* ShuffleButtonCell.m */,
				FD8F6AE11959A483004D4B61 /* RepeatButtonCell.h */,
				FD8F6AE21959A483004D4B61 /* RepeatButtonCell.m */,
				FD8F6AF3195AE093004D4B61 /* VolumeButtonCell.h */,
				FD8F6AF4195AE093004D4B61 /* VolumeButtonCell.m */,
				FD8F6AF7195B1FD6004D4B61 /* ConnectButtonCell.h */,
				FD8F6AF8195B1FD6004D4B61 /* ConnectButtonCell.m */,
			);
			name = CustomButtons;
			sourceTree = "<group>";
		};
		FD3BED5219597B2300B2D49A /* Custom Table View Cell */ = {
			isa = PBXGroup;
			children = (
				FD3BED5319597B4300B2D49A /* TrackCellView.h */,
				FD3BED5419597B4300B2D49A /* TrackCellView.m */,
				FDD0374A1986AFDD00043BDC /* TrackCellForPlaylistItemView.h */,
				FDD0374B1986AFDD00043BDC /* TrackCellForPlaylistItemView.m */,
			);
			name = "Custom Table View Cell";
			sourceTree = "<group>";
		};
		FD3BED57195981BC00B2D49A /* CustomViews */ = {
			isa = PBXGroup;
			children = (
				FD3BED58195981D300B2D49A /* PlayingIndicatorView.h */,
				FD3BED59195981D300B2D49A /* PlayingIndicatorView.m */,
				FD3BED5C1959883400B2D49A /* SeperatorView.h */,
				FD3BED5D1959883400B2D49A /* SeperatorView.m */,
				FD8F6AEB1959CB6E004D4B61 /* ProgressIndicatorView.h */,
				FD8F6AFB195B21A6004D4B61 /* WhiteBackgroundView.h */,
				FD8F6AFC195B21A6004D4B61 /* WhiteBackgroundView.m */,
				FD8F6AEC1959CB6E004D4B61 /* ProgressIndicatorView.m */,
				FDE51B12195C18E5009B1F2D /* MouseOverImageView.h */,
				FDE51B13195C18E5009B1F2D /* MouseOverImageView.m */,
				FDE51B16195C1F3A009B1F2D /* PlayPauseOverlayView.h */,
				FDE51B17195C1F3A009B1F2D /* PlayPauseOverlayView.m */,
				FDE51B1E195C2F32009B1F2D /* ProgressSliderCell.h */,
				FDE51B1F195C2F32009B1F2D /* ProgressSliderCell.m */,
				FDE51B22195C3A7B009B1F2D /* ProgressSliderView.h */,
				FDE51B23195C3A7B009B1F2D /* ProgressSliderView.m */,
				FD4F53031987F1CC00FD73A9 /* ClickableTextField.h */,
				FD4F53041987F1CC00FD73A9 /* ClickableTextField.m */,
				FD4F530F1987FC9600FD73A9 /* ClickableTableView.h */,
				FD4F53101987FC9600FD73A9 /* ClickableTableView.m */,
			);
			name = CustomViews;
			sourceTree = "<group>";
		};
		FD3BED6019598C8800B2D49A /* MediaKeys */ = {
			isa = PBXGroup;
			children = (
				FD3BED6119598C9700B2D49A /* singleton.h */,
				FD3BED6219598CBB00B2D49A /* AppleMediaKeyController.h */,
				FD3BED6319598CBB00B2D49A /* AppleMediaKeyController.m */,
			);
			name = MediaKeys;
			sourceTree = "<group>";
		};
		FD7CD2831954396C002AC765 = {
			isa = PBXGroup;
			children = (
				FDE51B26195C50AD009B1F2D /* streamcloud_beta.plist */,
				FD3BED41195833E800B2D49A /* StreamCloudStyles.h */,
				FD3BED42195833E800B2D49A /* StreamCloudStyles.m */,
				FD7CD2951954396C002AC765 /* SoundcloudPlayer */,
				FD7CD2B31954396C002AC765 /* SoundcloudPlayerTests */,
				FD7CD28E1954396C002AC765 /* Frameworks */,
				FD7CD28D1954396C002AC765 /* Products */,
				E8FD4EF443EA47F5BF7E3EE7 /* Pods.xcconfig */,
			);
			sourceTree = "<group>";
		};
		FD7CD28D1954396C002AC765 /* Products */ = {
			isa = PBXGroup;
			children = (
				FD7CD28C1954396C002AC765 /* StreamCloud.app */,
				FD7CD2AD1954396C002AC765 /* SoundcloudPlayerTests.xctest */,
			);
			name = Products;
			sourceTree = "<group>";
		};
		FD7CD28E1954396C002AC765 /* Frameworks */ = {
			isa = PBXGroup;
			children = (
				FD8F6AD61959996D004D4B61 /* SoundCloudAPI.framework */,
				FD8F6AD71959996D004D4B61 /* OAuth2Client.framework */,
				FD7CD2DA19543C55002AC765 /* CoreText.framework */,
				FD7CD2D819543C51002AC765 /* CoreGraphics.framework */,
				FD7CD2D619543C4B002AC765 /* Security.framework */,
				FD7CD2D419543C46002AC765 /* CoreLocation.framework */,
				FD7CD2D219543C3A002AC765 /* AddressBook.framework */,
				FD7CD2D019543C35002AC765 /* QuartzCore.framework */,
				FD7CD28F1954396C002AC765 /* Cocoa.framework */,
				FD7CD2AE1954396C002AC765 /* XCTest.framework */,
				FD7CD2911954396C002AC765 /* Other Frameworks */,
				447911DAA4764A358869B8CF /* libPods.a */,
			);
			name = Frameworks;
			sourceTree = "<group>";
		};
		FD7CD2911954396C002AC765 /* Other Frameworks */ = {
			isa = PBXGroup;
			children = (
				FD7CD2921954396C002AC765 /* AppKit.framework */,
				FD7CD2931954396C002AC765 /* CoreData.framework */,
				FD7CD2941954396C002AC765 /* Foundation.framework */,
			);
			name = "Other Frameworks";
			sourceTree = "<group>";
		};
		FD7CD2951954396C002AC765 /* SoundcloudPlayer */ = {
			isa = PBXGroup;
			children = (
				FD7CD2DC19548A93002AC765 /* SoundcloudPlayer.entitlements */,
				FD7CD2A11954396C002AC765 /* AppDelegate.h */,
				FD7CD2A21954396C002AC765 /* AppDelegate.m */,
				FD1606631976839A00A63A71 /* StreamCloudApplication.h */,
				FD1606641976839A00A63A71 /* StreamCloudApplication.m */,
				FD8F6AE41959AB8D004D4B61 /* StatusBarPlayerViewController.h */,
				FD8F6AE51959AB8D004D4B61 /* StatusBarPlayerViewController.m */,
				FD7ECBBE1955BE05005828CF /* SharedAudioPlayer.h */,
				FD7ECBBF1955BE05005828CF /* SharedAudioPlayer.m */,
				FD8F6AEF195AD16D004D4B61 /* SoundCloudAPIClient.h */,
				FD8F6AF0195AD16D004D4B61 /* SoundCloudAPIClient.m */,
				FD3BED6019598C8800B2D49A /* MediaKeys */,
				FD3BED57195981BC00B2D49A /* CustomViews */,
				FD3BED5219597B2300B2D49A /* Custom Table View Cell */,
				FD3BED451958355500B2D49A /* CustomButtons */,
				FD7CD2A41954396C002AC765 /* MainMenu.xib */,
				FD8F6AE81959AC0C004D4B61 /* StatusBarPlayerViewController.xib */,
				FD7CD2A71954396C002AC765 /* Images.xcassets */,
				FD7CD2961954396C002AC765 /* Supporting Files */,
			);
			path = SoundcloudPlayer;
			sourceTree = "<group>";
		};
		FD7CD2961954396C002AC765 /* Supporting Files */ = {
			isa = PBXGroup;
			children = (
				FD7CD2971954396C002AC765 /* SoundcloudPlayer-Info.plist */,
				FD7CD2981954396C002AC765 /* InfoPlist.strings */,
				FD7CD29B1954396C002AC765 /* main.m */,
				FD7CD29D1954396C002AC765 /* SoundcloudPlayer-Prefix.pch */,
				FD7CD29E1954396C002AC765 /* Credits.rtf */,
			);
			name = "Supporting Files";
			sourceTree = "<group>";
		};
		FD7CD2B31954396C002AC765 /* SoundcloudPlayerTests */ = {
			isa = PBXGroup;
			children = (
				FD7CD2B91954396C002AC765 /* SoundcloudPlayerTests.m */,
				FD7CD2B41954396C002AC765 /* Supporting Files */,
			);
			path = SoundcloudPlayerTests;
			sourceTree = "<group>";
		};
		FD7CD2B41954396C002AC765 /* Supporting Files */ = {
			isa = PBXGroup;
			children = (
				FD7CD2B51954396C002AC765 /* SoundcloudPlayerTests-Info.plist */,
				FD7CD2B61954396C002AC765 /* InfoPlist.strings */,
			);
			name = "Supporting Files";
			sourceTree = "<group>";
		};
/* End PBXGroup section */

/* Begin PBXNativeTarget section */
		FD7CD28B1954396C002AC765 /* StreamCloud */ = {
			isa = PBXNativeTarget;
			buildConfigurationList = FD7CD2BD1954396C002AC765 /* Build configuration list for PBXNativeTarget "StreamCloud" */;
			buildPhases = (
				B8CF5FDFAAB44F67A9D5FBBF /* Check Pods Manifest.lock */,
				FD7CD2881954396C002AC765 /* Sources */,
				FD7CD2891954396C002AC765 /* Frameworks */,
				FD7CD28A1954396C002AC765 /* Resources */,
				FD7ECBC21955EDE5005828CF /* Copy Frameworks */,
				1B410E901A2642138976E644 /* Copy Pods Resources */,
			);
			buildRules = (
			);
			dependencies = (
			);
			name = StreamCloud;
			productName = SoundcloudPlayer;
			productReference = FD7CD28C1954396C002AC765 /* StreamCloud.app */;
			productType = "com.apple.product-type.application";
		};
		FD7CD2AC1954396C002AC765 /* SoundcloudPlayerTests */ = {
			isa = PBXNativeTarget;
			buildConfigurationList = FD7CD2C01954396C002AC765 /* Build configuration list for PBXNativeTarget "SoundcloudPlayerTests" */;
			buildPhases = (
				FD7CD2A91954396C002AC765 /* Sources */,
				FD7CD2AA1954396C002AC765 /* Frameworks */,
				FD7CD2AB1954396C002AC765 /* Resources */,
			);
			buildRules = (
			);
			dependencies = (
				FD7CD2B21954396C002AC765 /* PBXTargetDependency */,
			);
			name = SoundcloudPlayerTests;
			productName = SoundcloudPlayerTests;
			productReference = FD7CD2AD1954396C002AC765 /* SoundcloudPlayerTests.xctest */;
			productType = "com.apple.product-type.bundle.unit-test";
		};
/* End PBXNativeTarget section */

/* Begin PBXProject section */
		FD7CD2841954396C002AC765 /* Project object */ = {
			isa = PBXProject;
			attributes = {
				LastUpgradeCheck = 0510;
				ORGANIZATIONNAME = "Call a Nerd";
				TargetAttributes = {
					FD7CD28B1954396C002AC765 = {
						DevelopmentTeam = 2288N2XPYD;
						SystemCapabilities = {
							com.apple.Sandbox = {
								enabled = 1;
							};
						};
					};
					FD7CD2AC1954396C002AC765 = {
						TestTargetID = FD7CD28B1954396C002AC765;
					};
				};
			};
			buildConfigurationList = FD7CD2871954396C002AC765 /* Build configuration list for PBXProject "SoundcloudPlayer" */;
			compatibilityVersion = "Xcode 3.2";
			developmentRegion = English;
			hasScannedForEncodings = 0;
			knownRegions = (
				en,
				Base,
			);
			mainGroup = FD7CD2831954396C002AC765;
			productRefGroup = FD7CD28D1954396C002AC765 /* Products */;
			projectDirPath = "";
			projectRoot = "";
			targets = (
				FD7CD28B1954396C002AC765 /* StreamCloud */,
				FD7CD2AC1954396C002AC765 /* SoundcloudPlayerTests */,
			);
		};
/* End PBXProject section */

/* Begin PBXResourcesBuildPhase section */
		FD7CD28A1954396C002AC765 /* Resources */ = {
			isa = PBXResourcesBuildPhase;
			buildActionMask = 2147483647;
			files = (
				FD4F678119618C8A008E8519 /* SoundcloudPlayer.entitlements in Resources */,
				FD7CD29A1954396C002AC765 /* InfoPlist.strings in Resources */,
				FD7CD2A81954396C002AC765 /* Images.xcassets in Resources */,
				FD7CD2A01954396C002AC765 /* Credits.rtf in Resources */,
				FD7CD2A61954396C002AC765 /* MainMenu.xib in Resources */,
				FD8F6AE91959AC0C004D4B61 /* StatusBarPlayerViewController.xib in Resources */,
			);
			runOnlyForDeploymentPostprocessing = 0;
		};
		FD7CD2AB1954396C002AC765 /* Resources */ = {
			isa = PBXResourcesBuildPhase;
			buildActionMask = 2147483647;
			files = (
				FD7CD2B81954396C002AC765 /* InfoPlist.strings in Resources */,
				FD8F6AEA1959AC0C004D4B61 /* StatusBarPlayerViewController.xib in Resources */,
			);
			runOnlyForDeploymentPostprocessing = 0;
		};
/* End PBXResourcesBuildPhase section */

/* Begin PBXShellScriptBuildPhase section */
		1B410E901A2642138976E644 /* Copy Pods Resources */ = {
			isa = PBXShellScriptBuildPhase;
			buildActionMask = 2147483647;
			files = (
			);
			inputPaths = (
			);
			name = "Copy Pods Resources";
			outputPaths = (
			);
			runOnlyForDeploymentPostprocessing = 0;
			shellPath = /bin/sh;
			shellScript = "\"${SRCROOT}/Pods/Pods-resources.sh\"\n";
			showEnvVarsInLog = 0;
		};
		B8CF5FDFAAB44F67A9D5FBBF /* Check Pods Manifest.lock */ = {
			isa = PBXShellScriptBuildPhase;
			buildActionMask = 2147483647;
			files = (
			);
			inputPaths = (
			);
			name = "Check Pods Manifest.lock";
			outputPaths = (
			);
			runOnlyForDeploymentPostprocessing = 0;
			shellPath = /bin/sh;
			shellScript = "diff \"${PODS_ROOT}/../Podfile.lock\" \"${PODS_ROOT}/Manifest.lock\" > /dev/null\nif [[ $? != 0 ]] ; then\n    cat << EOM\nerror: The sandbox is not in sync with the Podfile.lock. Run 'pod install' or update your CocoaPods installation.\nEOM\n    exit 1\nfi\n";
			showEnvVarsInLog = 0;
		};
/* End PBXShellScriptBuildPhase section */

/* Begin PBXSourcesBuildPhase section */
		FD7CD2881954396C002AC765 /* Sources */ = {
			isa = PBXSourcesBuildPhase;
			buildActionMask = 2147483647;
			files = (
				FD4F53051987F1CC00FD73A9 /* ClickableTextField.m in Sources */,
				FD3BED4C1958387300B2D49A /* NextButtonCell.m in Sources */,
				FD7CD2A31954396C002AC765 /* AppDelegate.m in Sources */,
				FDE51B14195C18E5009B1F2D /* MouseOverImageView.m in Sources */,
				FD4F53111987FC9600FD73A9 /* ClickableTableView.m in Sources */,
				FD8F6AF9195B1FD6004D4B61 /* ConnectButtonCell.m in Sources */,
				FD3BED5519597B4300B2D49A /* TrackCellView.m in Sources */,
				FDE51B18195C1F3A009B1F2D /* PlayPauseOverlayView.m in Sources */,
				FD8F6AFD195B21A6004D4B61 /* WhiteBackgroundView.m in Sources */,
				FD8F6AE31959A483004D4B61 /* RepeatButtonCell.m in Sources */,
				FD3BED5A195981D300B2D49A /* PlayingIndicatorView.m in Sources */,
				FD8F6AED1959CB6E004D4B61 /* ProgressIndicatorView.m in Sources */,
				FD8F6AF5195AE093004D4B61 /* VolumeButtonCell.m in Sources */,
				FDE51B20195C2F32009B1F2D /* ProgressSliderCell.m in Sources */,
				FD3BED5E1959883400B2D49A /* SeperatorView.m in Sources */,
				FDD0374C1986AFDD00043BDC /* TrackCellForPlaylistItemView.m in Sources */,
				FDE51B24195C3A7B009B1F2D /* ProgressSliderView.m in Sources */,
				FD3BED43195833E800B2D49A /* StreamCloudStyles.m in Sources */,
				FD3BED501958389B00B2D49A /* PreviousButtonCell.m in Sources */,
				FD8F6AF1195AD16D004D4B61 /* SoundCloudAPIClient.m in Sources */,
				FD7ECBC01955BE05005828CF /* SharedAudioPlayer.m in Sources */,
				FD1606651976839A00A63A71 /* StreamCloudApplication.m in Sources */,
				FD7CD29C1954396C002AC765 /* main.m in Sources */,
				FD3BED6419598CBB00B2D49A /* AppleMediaKeyController.m in Sources */,
				FD8F6AE61959AB8D004D4B61 /* StatusBarPlayerViewController.m in Sources */,
				FD3BED481958364200B2D49A /* PlayPauseButtonCell.m in Sources */,
				FD8F6AE01959A454004D4B61 /* ShuffleButtonCell.m in Sources */,
			);
			runOnlyForDeploymentPostprocessing = 0;
		};
		FD7CD2A91954396C002AC765 /* Sources */ = {
			isa = PBXSourcesBuildPhase;
			buildActionMask = 2147483647;
			files = (
				FD3BED511958389B00B2D49A /* PreviousButtonCell.m in Sources */,
				FD8F6AF6195AE093004D4B61 /* VolumeButtonCell.m in Sources */,
				FDE51B19195C1F3A009B1F2D /* PlayPauseOverlayView.m in Sources */,
				FD3BED4D1958387300B2D49A /* NextButtonCell.m in Sources */,
				FD4F53121987FC9600FD73A9 /* ClickableTableView.m in Sources */,
				FD3BED491958364200B2D49A /* PlayPauseButtonCell.m in Sources */,
				FD8F6AE71959AB8D004D4B61 /* StatusBarPlayerViewController.m in Sources */,
				FD7ECBC11955BE05005828CF /* SharedAudioPlayer.m in Sources */,
				FD8F6AF2195AD16D004D4B61 /* SoundCloudAPIClient.m in Sources */,
				FD3BED44195833E800B2D49A /* StreamCloudStyles.m in Sources */,
				FD3BED5F1959883400B2D49A /* SeperatorView.m in Sources */,
				FD3BED5B195981D300B2D49A /* PlayingIndicatorView.m in Sources */,
				FD4F53061987F1CC00FD73A9 /* ClickableTextField.m in Sources */,
				FD3BED5619597B4300B2D49A /* TrackCellView.m in Sources */,
				FD1606661976839A00A63A71 /* StreamCloudApplication.m in Sources */,
				FD8F6AFA195B1FD6004D4B61 /* ConnectButtonCell.m in Sources */,
				FDE51B21195C2F32009B1F2D /* ProgressSliderCell.m in Sources */,
				FD8F6AFE195B21A6004D4B61 /* WhiteBackgroundView.m in Sources */,
				FD7CD2BA1954396C002AC765 /* SoundcloudPlayerTests.m in Sources */,
				FD3BED6519598CBB00B2D49A /* AppleMediaKeyController.m in Sources */,
				FD8F6AEE1959CB6E004D4B61 /* ProgressIndicatorView.m in Sources */,
				FDD0374D1986AFDD00043BDC /* TrackCellForPlaylistItemView.m in Sources */,
				FDE51B25195C3A7B009B1F2D /* ProgressSliderView.m in Sources */,
				FDE51B15195C18E5009B1F2D /* MouseOverImageView.m in Sources */,
			);
			runOnlyForDeploymentPostprocessing = 0;
		};
/* End PBXSourcesBuildPhase section */

/* Begin PBXTargetDependency section */
		FD7CD2B21954396C002AC765 /* PBXTargetDependency */ = {
			isa = PBXTargetDependency;
			target = FD7CD28B1954396C002AC765 /* StreamCloud */;
			targetProxy = FD7CD2B11954396C002AC765 /* PBXContainerItemProxy */;
		};
/* End PBXTargetDependency section */

/* Begin PBXVariantGroup section */
		FD7CD2981954396C002AC765 /* InfoPlist.strings */ = {
			isa = PBXVariantGroup;
			children = (
				FD7CD2991954396C002AC765 /* en */,
			);
			name = InfoPlist.strings;
			sourceTree = "<group>";
		};
		FD7CD29E1954396C002AC765 /* Credits.rtf */ = {
			isa = PBXVariantGroup;
			children = (
				FD7CD29F1954396C002AC765 /* en */,
			);
			name = Credits.rtf;
			sourceTree = "<group>";
		};
		FD7CD2A41954396C002AC765 /* MainMenu.xib */ = {
			isa = PBXVariantGroup;
			children = (
				FD7CD2A51954396C002AC765 /* Base */,
			);
			name = MainMenu.xib;
			sourceTree = "<group>";
		};
		FD7CD2B61954396C002AC765 /* InfoPlist.strings */ = {
			isa = PBXVariantGroup;
			children = (
				FD7CD2B71954396C002AC765 /* en */,
			);
			name = InfoPlist.strings;
			sourceTree = "<group>";
		};
/* End PBXVariantGroup section */

/* Begin XCBuildConfiguration section */
		FD7CD2BB1954396C002AC765 /* Debug */ = {
			isa = XCBuildConfiguration;
			buildSettings = {
				ALWAYS_SEARCH_USER_PATHS = NO;
				CLANG_CXX_LANGUAGE_STANDARD = "gnu++0x";
				CLANG_CXX_LIBRARY = "libc++";
				CLANG_ENABLE_MODULES = YES;
				CLANG_ENABLE_OBJC_ARC = YES;
				CLANG_WARN_BOOL_CONVERSION = YES;
				CLANG_WARN_CONSTANT_CONVERSION = YES;
				CLANG_WARN_DIRECT_OBJC_ISA_USAGE = YES_ERROR;
				CLANG_WARN_EMPTY_BODY = YES;
				CLANG_WARN_ENUM_CONVERSION = YES;
				CLANG_WARN_INT_CONVERSION = YES;
				CLANG_WARN_OBJC_ROOT_CLASS = YES_ERROR;
				CLANG_WARN__DUPLICATE_METHOD_MATCH = YES;
				COPY_PHASE_STRIP = NO;
				GCC_C_LANGUAGE_STANDARD = gnu99;
				GCC_DYNAMIC_NO_PIC = NO;
				GCC_ENABLE_OBJC_EXCEPTIONS = YES;
				GCC_OPTIMIZATION_LEVEL = 0;
				GCC_PREPROCESSOR_DEFINITIONS = (
					"DEBUG=1",
					"$(inherited)",
				);
				GCC_SYMBOLS_PRIVATE_EXTERN = NO;
				GCC_WARN_64_TO_32_BIT_CONVERSION = YES;
				GCC_WARN_ABOUT_RETURN_TYPE = YES_ERROR;
				GCC_WARN_UNDECLARED_SELECTOR = YES;
				GCC_WARN_UNINITIALIZED_AUTOS = YES_AGGRESSIVE;
				GCC_WARN_UNUSED_FUNCTION = YES;
				GCC_WARN_UNUSED_VARIABLE = YES;
				MACOSX_DEPLOYMENT_TARGET = 10.8;
				ONLY_ACTIVE_ARCH = YES;
				SDKROOT = macosx;
			};
			name = Debug;
		};
		FD7CD2BC1954396C002AC765 /* Release */ = {
			isa = XCBuildConfiguration;
			buildSettings = {
				ALWAYS_SEARCH_USER_PATHS = NO;
				CLANG_CXX_LANGUAGE_STANDARD = "gnu++0x";
				CLANG_CXX_LIBRARY = "libc++";
				CLANG_ENABLE_MODULES = YES;
				CLANG_ENABLE_OBJC_ARC = YES;
				CLANG_WARN_BOOL_CONVERSION = YES;
				CLANG_WARN_CONSTANT_CONVERSION = YES;
				CLANG_WARN_DIRECT_OBJC_ISA_USAGE = YES_ERROR;
				CLANG_WARN_EMPTY_BODY = YES;
				CLANG_WARN_ENUM_CONVERSION = YES;
				CLANG_WARN_INT_CONVERSION = YES;
				CLANG_WARN_OBJC_ROOT_CLASS = YES_ERROR;
				CLANG_WARN__DUPLICATE_METHOD_MATCH = YES;
				COPY_PHASE_STRIP = YES;
				DEBUG_INFORMATION_FORMAT = "dwarf-with-dsym";
				ENABLE_NS_ASSERTIONS = NO;
				GCC_C_LANGUAGE_STANDARD = gnu99;
				GCC_ENABLE_OBJC_EXCEPTIONS = YES;
				GCC_WARN_64_TO_32_BIT_CONVERSION = YES;
				GCC_WARN_ABOUT_RETURN_TYPE = YES_ERROR;
				GCC_WARN_UNDECLARED_SELECTOR = YES;
				GCC_WARN_UNINITIALIZED_AUTOS = YES_AGGRESSIVE;
				GCC_WARN_UNUSED_FUNCTION = YES;
				GCC_WARN_UNUSED_VARIABLE = YES;
				MACOSX_DEPLOYMENT_TARGET = 10.8;
				SDKROOT = macosx;
			};
			name = Release;
		};
		FD7CD2BE1954396C002AC765 /* Debug */ = {
			isa = XCBuildConfiguration;
			baseConfigurationReference = E8FD4EF443EA47F5BF7E3EE7 /* Pods.xcconfig */;
			buildSettings = {
				ASSETCATALOG_COMPILER_APPICON_NAME = AppIcon;
				CODE_SIGN_ENTITLEMENTS = SoundcloudPlayer/SoundcloudPlayer.entitlements;
				CODE_SIGN_IDENTITY = "Developer ID Application: Philip Brechler (2288N2XPYD)";
				COMBINE_HIDPI_IMAGES = YES;
				FRAMEWORK_SEARCH_PATHS = (
					"$(inherited)",
					"$(PROJECT_DIR)/OAuth2Client/build/Debug",
					"$(PROJECT_DIR)/CocoaSoundCloudAPI/build/Debug",
					"$(PROJECT_DIR)/SoundcloudPlayer",
					"$(PROJECT_DIR)",
				);
				GCC_PRECOMPILE_PREFIX_HEADER = YES;
				GCC_PREFIX_HEADER = "SoundcloudPlayer/SoundcloudPlayer-Prefix.pch";
				HEADER_SEARCH_PATHS = (
					"$(inherited)",
					/Applications/Xcode.app/Contents/Developer/Toolchains/XcodeDefault.xctoolchain/usr/include,
				);
				INFOPLIST_FILE = "SoundcloudPlayer/SoundcloudPlayer-Info.plist";
				MACOSX_DEPLOYMENT_TARGET = 10.8;
				OTHER_CODE_SIGN_FLAGS = "--deep";
				OTHER_LDFLAGS = "$(inherited)";
				PRODUCT_NAME = "$(TARGET_NAME)";
				PROVISIONING_PROFILE = "";
				WRAPPER_EXTENSION = app;
			};
			name = Debug;
		};
		FD7CD2BF1954396C002AC765 /* Release */ = {
			isa = XCBuildConfiguration;
			baseConfigurationReference = E8FD4EF443EA47F5BF7E3EE7 /* Pods.xcconfig */;
			buildSettings = {
				ASSETCATALOG_COMPILER_APPICON_NAME = AppIcon;
				CODE_SIGN_ENTITLEMENTS = SoundcloudPlayer/SoundcloudPlayer.entitlements;
				CODE_SIGN_IDENTITY = "Developer ID Application: Philip Brechler (2288N2XPYD)";
				COMBINE_HIDPI_IMAGES = YES;
				FRAMEWORK_SEARCH_PATHS = (
					"$(inherited)",
					"$(PROJECT_DIR)/OAuth2Client/build/Debug",
					"$(PROJECT_DIR)/CocoaSoundCloudAPI/build/Debug",
					"$(PROJECT_DIR)/SoundcloudPlayer",
					"$(PROJECT_DIR)",
				);
				GCC_PRECOMPILE_PREFIX_HEADER = YES;
				GCC_PREFIX_HEADER = "SoundcloudPlayer/SoundcloudPlayer-Prefix.pch";
				HEADER_SEARCH_PATHS = (
					"$(inherited)",
					/Applications/Xcode.app/Contents/Developer/Toolchains/XcodeDefault.xctoolchain/usr/include,
				);
				INFOPLIST_FILE = "SoundcloudPlayer/SoundcloudPlayer-Info.plist";
				MACOSX_DEPLOYMENT_TARGET = 10.8;
				OTHER_CODE_SIGN_FLAGS = "--deep";
				OTHER_LDFLAGS = "$(inherited)";
				PRODUCT_NAME = "$(TARGET_NAME)";
				PROVISIONING_PROFILE = "";
				WRAPPER_EXTENSION = app;
			};
			name = Release;
		};
		FD7CD2C11954396C002AC765 /* Debug */ = {
			isa = XCBuildConfiguration;
			buildSettings = {
				BUNDLE_LOADER = "$(BUILT_PRODUCTS_DIR)/SoundcloudPlayer.app/Contents/MacOS/SoundcloudPlayer";
				COMBINE_HIDPI_IMAGES = YES;
				FRAMEWORK_SEARCH_PATHS = (
					"$(DEVELOPER_FRAMEWORKS_DIR)",
					"$(inherited)",
					"$(PROJECT_DIR)/SoundcloudPlayer",
					"$(PROJECT_DIR)",
				);
				GCC_PRECOMPILE_PREFIX_HEADER = YES;
				GCC_PREFIX_HEADER = "SoundcloudPlayer/SoundcloudPlayer-Prefix.pch";
				GCC_PREPROCESSOR_DEFINITIONS = (
					"DEBUG=1",
					"$(inherited)",
				);
				INFOPLIST_FILE = "SoundcloudPlayerTests/SoundcloudPlayerTests-Info.plist";
				PRODUCT_NAME = "$(TARGET_NAME)";
				TEST_HOST = "$(BUNDLE_LOADER)";
				WRAPPER_EXTENSION = xctest;
			};
			name = Debug;
		};
		FD7CD2C21954396C002AC765 /* Release */ = {
			isa = XCBuildConfiguration;
			buildSettings = {
				BUNDLE_LOADER = "$(BUILT_PRODUCTS_DIR)/SoundcloudPlayer.app/Contents/MacOS/SoundcloudPlayer";
				COMBINE_HIDPI_IMAGES = YES;
				FRAMEWORK_SEARCH_PATHS = (
					"$(DEVELOPER_FRAMEWORKS_DIR)",
					"$(inherited)",
					"$(PROJECT_DIR)/SoundcloudPlayer",
					"$(PROJECT_DIR)",
				);
				GCC_PRECOMPILE_PREFIX_HEADER = YES;
				GCC_PREFIX_HEADER = "SoundcloudPlayer/SoundcloudPlayer-Prefix.pch";
				INFOPLIST_FILE = "SoundcloudPlayerTests/SoundcloudPlayerTests-Info.plist";
				PRODUCT_NAME = "$(TARGET_NAME)";
				TEST_HOST = "$(BUNDLE_LOADER)";
				WRAPPER_EXTENSION = xctest;
			};
			name = Release;
		};
/* End XCBuildConfiguration section */

/* Begin XCConfigurationList section */
		FD7CD2871954396C002AC765 /* Build configuration list for PBXProject "SoundcloudPlayer" */ = {
			isa = XCConfigurationList;
			buildConfigurations = (
				FD7CD2BB1954396C002AC765 /* Debug */,
				FD7CD2BC1954396C002AC765 /* Release */,
			);
			defaultConfigurationIsVisible = 0;
			defaultConfigurationName = Release;
		};
		FD7CD2BD1954396C002AC765 /* Build configuration list for PBXNativeTarget "StreamCloud" */ = {
			isa = XCConfigurationList;
			buildConfigurations = (
				FD7CD2BE1954396C002AC765 /* Debug */,
				FD7CD2BF1954396C002AC765 /* Release */,
			);
			defaultConfigurationIsVisible = 0;
			defaultConfigurationName = Release;
		};
		FD7CD2C01954396C002AC765 /* Build configuration list for PBXNativeTarget "SoundcloudPlayerTests" */ = {
			isa = XCConfigurationList;
			buildConfigurations = (
				FD7CD2C11954396C002AC765 /* Debug */,
				FD7CD2C21954396C002AC765 /* Release */,
			);
			defaultConfigurationIsVisible = 0;
			defaultConfigurationName = Release;
		};
/* End XCConfigurationList section */
	};
	rootObject = FD7CD2841954396C002AC765 /* Project object */;
}
